{
  "nodes": {
    "home-manager": {
      "inputs": {
        "nixpkgs": [
          "nixpkgs"
        ]
      },
      "locked": {
        "lastModified": 1725703823,
        "narHash": "sha256-tDgM4d8mLK0Hd6YMB2w1BqMto1XBXADOzPEaLl10VI4=",
        "owner": "nix-community",
        "repo": "home-manager",
        "rev": "208df2e558b73b6a1f0faec98493cb59a25f62ba",
        "type": "github"
      },
      "original": {
        "owner": "nix-community",
        "ref": "release-24.05",
        "repo": "home-manager",
        "type": "github"
      }
    },
    "nixpkgs": {
      "locked": {
        "lastModified": 1725693463,
        "narHash": "sha256-ZPzhebbWBOr0zRWW10FfqfbJlan3G96/h3uqhiFqmwg=",
        "owner": "nixos",
        "repo": "nixpkgs",
        "rev": "68e7dce0a6532e876980764167ad158174402c6f",
        "type": "github"
      },
      "original": {
        "owner": "nixos",
        "ref": "nixos-24.05",
        "repo": "nixpkgs",
        "type": "github"
      }
    },
    "nixpkgs-unstable": {
      "locked": {
        "lastModified": 1725816686,
        "narHash": "sha256-0Kq2MkQ/sQX1rhWJ/ySBBQlBJBUK8mPMDcuDhhdBkSU=",
        "owner": "nixos",
        "repo": "nixpkgs",
        "rev": "add0443ee587a0c44f22793b8c8649a0dbc3bb00",
        "type": "github"
      },
      "original": {
        "owner": "nixos",
        "ref": "nixpkgs-unstable",
        "repo": "nixpkgs",
        "type": "github"
      }
    },
    "nixpkgs-upstream": {
      "locked": {
        "lastModified": 1725886650,
        "narHash": "sha256-ov+g7bbEitF0RGmu2l6IwXudpsK9u2ll3FqB0DrEAvs=",
        "owner": "nixos",
        "repo": "nixpkgs",
        "rev": "2285463b98c8236cff1c7c8cf53b409f6b851860",
        "type": "github"
      },
      "original": {
        "owner": "nixos",
        "ref": "master",
        "repo": "nixpkgs",
        "type": "github"
      }
    },
    "nur": {
      "locked": {
        "lastModified": 1725983192,
        "narHash": "sha256-DVaDyzf2iDaLjuvY/2Y+J4EMdHKpu22uEn/i4HILiZ8=",
        "owner": "nix-community",
        "repo": "nur",
        "rev": "4a4f86e84fefb17f13e35003ccf4dbe8871c00c3",
        "type": "github"
      },
      "original": {
        "owner": "nix-community",
        "repo": "nur",
        "type": "github"
      }
    },
    "root": {
      "inputs": {
        "home-manager": "home-manager",
        "nixpkgs": "nixpkgs",
        "nixpkgs-unstable": "nixpkgs-unstable",
        "nixpkgs-upstream": "nixpkgs-upstream",
        "nur": "nur"
      }
    }
  },
  "root": "root",
  "version": 7
}
